
Microsoft Visual Studio Solution File, Format Version 12.00
# Visual Studio Version 16
VisualStudioVersion = 16.0.30330.147
MinimumVisualStudioVersion = 10.0.40219.1
Project("{FAE04EC0-301F-11D3-BF4B-00C04F79EFBC}") = "Order_Program", "Order_Program\Order_Program.csproj", "{805C27F9-318B-4514-A72C-30AF5EF57888}"
EndProject
Global
	GlobalSection(SolutionConfigurationPlatforms) = preSolution
		Debug|Any CPU = Debug|Any CPU
		Release|Any CPU = Release|Any CPU
	EndGlobalSection
	GlobalSection(ProjectConfigurationPlatforms) = postSolution
		{805C27F9-318B-4514-A72C-30AF5EF57888}.Debug|Any CPU.ActiveCfg = Debug|Any CPU
		{805C27F9-318B-4514-A72C-30AF5EF57888}.Debug|Any CPU.Build.0 = Debug|Any CPU
		{805C27F9-318B-4514-A72C-30AF5EF57888}.Release|Any CPU.ActiveCfg = Release|Any CPU
		{805C27F9-318B-4514-A72C-30AF5EF57888}.Release|Any CPU.Build.0 = Release|Any CPU
	EndGlobalSection
	GlobalSection(SolutionProperties) = preSolution
		HideSolutionNode = FALSE
	EndGlobalSection
	GlobalSection(ExtensibilityGlobals) = postSolution
		SolutionGuid = {B1B51FCE-D386-4627-80C7-24CF883F0358}
	EndGlobalSection
EndGlobal
